{
  "nodes": {
    "firefox-addons": {
      "inputs": {
        "nixpkgs": [
          "nixpkgs"
        ]
      },
      "locked": {
        "dir": "pkgs/firefox-addons",
        "lastModified": 1783915367,
        "narHash": "sha256-x4tE9tA8r2cQUu6PmT+9kESsle67A7kZ8dDGZYH0tRE=",
        "owner": "rycee",
        "repo": "nur-expressions",
        "rev": "a98964eb419c1723464e16e39a16b99da00453c9",
        "type": "gitlab"
      },
      "original": {
        "dir": "pkgs/firefox-addons",
        "owner": "rycee",
        "repo": "nur-expressions",
        "type": "gitlab"
      }
    },
    "home-manager": {
      "inputs": {
        "nixpkgs": [
          "nixpkgs"
        ]
      },
      "locked": {
        "lastModified": 1783740085,
        "narHash": "sha256-qajyHfZY29G2oEQk+uHxmsJcRoBUBXP9maTpFlwP/dI=",
        "owner": "nix-community",
        "repo": "home-manager",
        "rev": "3cd22efe6471dc7365c822bd9ad73a21e55f38fb",
        "type": "github"
      },
      "original": {
        "owner": "nix-community",
        "ref": "release-26.05",
        "repo": "home-manager",
        "type": "github"
      }
    },
    "hypr-kinetic-scroll": {
      "flake": false,
      "locked": {
        "lastModified": 1785254141,
        "narHash": "sha256-2RI9RSoXhri9tr9DAsB/Zen96DzKsj/wLRbQQKEZ1Yc=",
        "owner": "savonovv",
        "repo": "hypr-kinetic-scroll",
        "rev": "657a8a7cb1cc0a24a06e2dc0947df3e8f4e729ca",
        "type": "github"
      },
      "original": {
        "owner": "savonovv",
        "repo": "hypr-kinetic-scroll",
        "type": "github"
      }
    },
    "nixpkgs": {
      "locked": {
        "lastModified": 1783703440,
        "narHash": "sha256-O3/YajjWo001VUIgD8BwaRdSNLUFe7nZ1qV5TwhRBcw=",
        "owner": "NixOS",
        "repo": "nixpkgs",
        "rev": "8f0500b9660505dc3cb647775fe9a978a74b5283",
        "type": "github"
      },
      "original": {
        "owner": "NixOS",
        "ref": "nixos-26.05",
        "repo": "nixpkgs",
        "type": "github"
      }
    },
    "nixpkgs_2": {
      "locked": {
        "lastModified": 1776683584,
        "narHash": "sha256-NuTLMrr10Tng72hurYG8jYQ4XKK8wnpJmOGcPiis96g=",
        "owner": "NixOS",
        "repo": "nixpkgs",
        "rev": "9dd5558b06dbdacbf635a3dd36dce1b1a7ee3a89",
        "type": "github"
      },
      "original": {
        "owner": "NixOS",
        "ref": "nixpkgs-unstable",
        "repo": "nixpkgs",
        "type": "github"
      }
    },
    "opencode": {
      "inputs": {
        "nixpkgs": "nixpkgs_2"
      },
      "locked": {
        "lastModified": 1786032453,
        "narHash": "sha256-IWjd2q0bW8uQTsOFdv8weLT9eFAhX7SVqbyX/yYnP5Q=",
        "owner": "anomalyco",
        "repo": "opencode",
        "rev": "03bff6500abd09fc469d59e5bd4143d3eb053a94",
        "type": "github"
      },
      "original": {
        "owner": "anomalyco",
        "repo": "opencode",
        "rev": "03bff6500abd09fc469d59e5bd4143d3eb053a94",
        "type": "github"
      }
    },
    "root": {
      "inputs": {
        "firefox-addons": "firefox-addons",
        "home-manager": "home-manager",
        "hypr-kinetic-scroll": "hypr-kinetic-scroll",
        "nixpkgs": "nixpkgs",
        "opencode": "opencode"
      }
    }
  },
  "root": "root",
  "version": 7
}
